dependencies:
  espressif/cmake_utilities:
    component_hash: 351350613ceafba240b761b4ea991e0f231ac7a9f59a9ee901f751bddc0bb18f
    dependencies:
    - name: idf
      require: private
      version: '>=4.1'
    source:
      registry_url: https://components.espressif.com
      type: service
    version: 0.5.3
  espressif/esp_codec_dev:
    component_hash: 4779f31a3ba3f9b38aee1afe6ccb9ba8f6108dc3a6e77d39d7d714e9a215371b
    dependencies:
    - name: idf
      require: private
      version: '>=4.0'
    source:
      registry_url: https://components.espressif.com/
      type: service
    version: 1.6.2
  espressif/esp_io_expander:
    component_hash: 7b7f91270172e46ca4597e3874f48d8412e280e8c295559f5922ec38656e3e5f
    dependencies:
    - name: idf
      require: private
      version: '>=4.4.2'
    source:
      registry_url: https://components.espressif.com
      type: service
    version: 1.2.1
  espressif/esp_lcd_co5300:
    component_hash: 1a5cbaa0069c3c72c238e5a1eb32ec9dd390ec1c7c46b24bf44b9037f2fe6c56
    dependencies:
    - name: espressif/cmake_utilities
      registry_url: https://components.espressif.com
      require: private
      version: 0.*
    - name: idf
      require: private
      version: '>=5.4'
    source:
      registry_url: https://components.espressif.com/
      type: service
    version: 2.2.0
  espressif/esp_lcd_panel_io_additions:
    component_hash: 1856c8b2c11aaa8a9fd67481582162bcad25f7064661a995f35c2ee8dd10ebcc
    dependencies:
    - name: espressif/cmake_utilities
      registry_url: https://components.espressif.com
      require: private
      version: 0.*
    - name: espressif/esp_io_expander
      registry_url: https://components.espressif.com
      require: public
      version: ^1
    - name: idf
      require: private
      version: '>=4.4.2'
    source:
      registry_url: https://components.espressif.com/
      type: service
    version: 1.0.1~1
  espressif/esp_lcd_touch:
    component_hash: 3f85a7d95af876f1a6ecca8eb90a81614890d0f03a038390804e5a77e2caf862
    dependencies:
    - name: idf
      require: private
      version: '>=4.4.2'
    source:
      registry_url: https://components.espressif.com
      type: service
    version: 1.2.1
  espressif/esp_lcd_touch_cst9220:
    component_hash: 519c0aed2d41307a9110f034b1eff8fa9a0e47621b1e1cd1b1a5e76183c8a6e8
    dependencies:
    - name: espressif/cmake_utilities
      registry_url: https://components.espressif.com
      require: private
      version: 0.*
    - name: espressif/esp_lcd_touch
      registry_url: https://components.espressif.com
      require: public
      version: ^1.2.0
    - name: idf
      require: private
      version: '>=5.3'
    source:
      registry_url: https://components.espressif.com/
      type: service
    version: 0.1.1
  espressif/esp_tinyusb:
    component_hash: 0fab24246e07bdf919c6489d17a590cffbffbbf6a9c44d6235641645c8b946b7
    dependencies:
    - name: idf
      require: private
      version: '>=5.0'
    - name: espressif/tinyusb
      registry_url: https://components.espressif.com
      require: public
      version: '>=0.17.0~2'
    source:
      registry_url: https://components.espressif.com/
      type: service
    targets:
    - esp32s2
    - esp32s3
    - esp32p4
    - esp32h4
    - esp32s31
    version: 2.3.0
  espressif/tinyusb:
    component_hash: 16c8d774dab1f484d3e0c0f61105624d2424bbae864efd19818baf7b451b41e7
    dependencies:
    - name: idf
      require: private
      version: '>=5.0'
    source:
      registry_url: https://components.espressif.com
      type: service
    targets:
    - esp32s2
    - esp32s3
    - esp32p4
    - esp32h4
    - esp32s31
    version: 0.21.0~2
  idf:
    source:
      type: idf
    version: 6.2.0
direct_dependencies:
- espressif/esp_codec_dev
- espressif/esp_lcd_co5300
- espressif/esp_lcd_panel_io_additions
- espressif/esp_lcd_touch_cst9220
- espressif/esp_tinyusb
- idf
manifest_hash: 7782d7a5b27bfbc269f69f2c3c7e7310e0524b6aeb8064924ee09ef7486f5eb8
target: esp32s31
version: 3.0.0
